{
  "nodes": {
    "flake-utils": {
      "locked": {
        "lastModified": 1652776076,
        "narHash": "sha256-gzTw/v1vj4dOVbpBSJX4J0DwUR6LIyXo7/SuuTJp1kM=",
        "owner": "numtide",
        "repo": "flake-utils",
        "rev": "04c1b180862888302ddfb2e3ad9eaa63afc60cf8",
        "type": "github"
      },
      "original": {
        "owner": "numtide",
        "ref": "v1.0.0",
        "repo": "flake-utils",
        "type": "github"
      }
    },
    "llzk-pkgs": {
      "inputs": {
        "flake-utils": "flake-utils",
        "nixpkgs": "nixpkgs"
      },
      "locked": {
        "lastModified": 1775793233,
        "narHash": "sha256-MDo3X2dV2Mc+tG9ve476E0WIUlxOaFs97GZrT3heiKw=",
        "owner": "project-llzk",
        "repo": "llzk-nix-pkgs",
        "rev": "0002f52bf1b3bbe810c2b55184b64b8e3bdc865b",
        "type": "github"
      },
      "original": {
        "owner": "project-llzk",
        "repo": "llzk-nix-pkgs",
        "type": "github"
      }
    },
    "nixpkgs": {
      "locked": {
        "lastModified": 1761656231,
        "narHash": "sha256-EiED5k6gXTWoAIS8yQqi5mAX6ojnzpHwAQTS3ykeYMg=",
        "owner": "NixOS",
        "repo": "nixpkgs",
        "rev": "e99366c665bdd53b7b500ccdc5226675cfc51f45",
        "type": "github"
      },
      "original": {
        "owner": "NixOS",
        "ref": "nixpkgs-unstable",
        "repo": "nixpkgs",
        "type": "github"
      }
    },
    "pcl-mlir-pkg": {
      "inputs": {
        "flake-utils": [
          "llzk-pkgs",
          "flake-utils"
        ],
        "nixpkgs": [
          "llzk-pkgs",
          "nixpkgs"
        ],
        "release-helpers": [
          "release-helpers"
        ],
        "shared-pkgs": [
          "llzk-pkgs"
        ]
      },
      "locked": {
        "lastModified": 1762544039,
        "narHash": "sha256-Esd4SAzUt5G3esTa6fTmivKpRScEROwSME4nN/SAU4w=",
        "owner": "Veridise",
        "repo": "pcl-mlir",
        "rev": "55cf619b032314198aacafc305871fb66b12b70e",
        "type": "github"
      },
      "original": {
        "owner": "Veridise",
        "repo": "pcl-mlir",
        "type": "github"
      }
    },
    "release-helpers": {
      "inputs": {
        "flake-utils": [
          "llzk-pkgs",
          "flake-utils"
        ],
        "nixpkgs": [
          "llzk-pkgs",
          "nixpkgs"
        ]
      },
      "locked": {
        "lastModified": 1775793201,
        "narHash": "sha256-q129kMo7c75Fgb+lMDOiYkkggoze0Z/6x7cV5uekVKg=",
        "owner": "project-llzk",
        "repo": "open-source-release-helpers",
        "rev": "aeec44f1169dd1cedc37df750556177a937c4445",
        "type": "github"
      },
      "original": {
        "owner": "project-llzk",
        "repo": "open-source-release-helpers",
        "type": "github"
      }
    },
    "root": {
      "inputs": {
        "flake-utils": [
          "llzk-pkgs",
          "flake-utils"
        ],
        "llzk-pkgs": "llzk-pkgs",
        "nixpkgs": [
          "llzk-pkgs",
          "nixpkgs"
        ],
        "pcl-mlir-pkg": "pcl-mlir-pkg",
        "release-helpers": "release-helpers"
      }
    }
  },
  "root": "root",
  "version": 7
}
